<?xml version="1.0" encoding="UTF-8" standalone="yes" ?>
<CodeBlocks_project_file>
	<FileVersion major="1" minor="6" />
	<Project>
		<Option title="scanpf" />
		<Option pch_mode="2" />
		<Option compiler="gcc" />
		<Build>
			<Target title="build">
				<Option output="build/" prefix_auto="1" extension_auto="1" />
				<Option object_output="build/" />
				<Option type="1" />
				<Option compiler="gcc" />
				<Compiler>
					<Add option="-g" />
				</Compiler>
			</Target>
		</Build>
		<Compiler>
			<Add option="-Wall" />
		</Compiler>
		<Unit filename="makefile" />
		<Unit filename="man/install.sh" />
		<Unit filename="man/scanpf.1" />
		<Unit filename="news" />
		<Unit filename="readme" />
		<Unit filename="readme.md" />
		<Unit filename="src/000-CatchMain.cpp" />
		<Unit filename="src/CMakeLists.txt" />
		<Unit filename="src/bash_color.h" />
		<Unit filename="src/catch.hpp" />
		<Unit filename="src/main.cpp" />
		<Unit filename="src/scanpf.cpp" />
		<Unit filename="src/scanpf.hpp" />
		<Unit filename="src/test.cpp" />
		<Unit filename="src/unit_test.cpp" />
		<Unit filename="src/utility.cpp" />
		<Unit filename="src/utility.h" />
		<Unit filename="test/DEBUG_OUTPUT.txt" />
		<Unit filename="test/DEBUG_OUTPUT_MATCH.txt" />
		<Unit filename="test/DEBUG_RENAME.txt" />
		<Unit filename="test/a_test.txt" />
		<Unit filename="test/ansi_format_codes.txt" />
		<Unit filename="test/copy.sh" />
		<Unit filename="test/debug.sh" />
		<Unit filename="test/flac_list.txt" />
		<Unit filename="test/flac_sample_debug.txt" />
		<Unit filename="test/music_org.sh" />
		<Unit filename="test/reencode.sh" />
		<Unit filename="test/remap_flac_2_mp3.txt" />
		<Unit filename="test/remap_test_case_file_names.txt" />
		<Unit filename="test/remap_test_cases_dir_names.txt" />
		<Unit filename="test/scanpf_params_test.sh" />
		<Extensions>
			<code_completion />
			<debugger />
		</Extensions>
	</Project>
</CodeBlocks_project_file>
